{
  "lockfileVersion": 1,
  "configVersion": 1,
  "workspaces": {
    "": {
      "name": "@leonsilicon/fontpkg__babel-stone-han-pua-custom",
      "devDependencies": {
        "fonteditor-core": "2.6.3",
      },
    },
  },
  "packages": {
    "@xmldom/xmldom": ["@xmldom/xmldom@0.8.15", "", {}, "sha512-/5NV/vDALVFDXgLmfsy9TRCBlKwO2LNBFzpzvb9iIj+jR+eSc6DLYYvVOdivT/jm7MtU6TebYuRmzEOI7w40UA=="],

    "fonteditor-core": ["fonteditor-core@2.6.3", "", { "dependencies": { "@xmldom/xmldom": "^0.8.3" } }, "sha512-YUryIKjkenjZ41E7JvM3V+02Ak4mTHDDTwBWgs9KBzypzHqLZHuua1UDRevZNTKawmnq1dbBAa70Jddl2+F4FQ=="],
  }
}
